// !$*UTF8*$!
{
	archiveVersion = 1;
	classes = {
	};
	objectVersion = 55;
	objects = {

/* Begin PBXBuildFile section */
		2412757327BBA7510030171B /* FruitCardView.swift in Sources */ = {isa = PBXBuildFile; fileRef = 2412757227BBA7510030171B /* FruitCardView.swift */; };
		2412757527BBA76B0030171B /* StartButtonView.swift in Sources */ = {isa = PBXBuildFile; fileRef = 2412757427BBA76B0030171B /* StartButtonView.swift */; };
		2412757727BBA9CF0030171B /* OnboardingView.swift in Sources */ = {isa = PBXBuildFile; fileRef = 2412757627BBA9CF0030171B /* OnboardingView.swift */; };
		2412757A27BBACA90030171B /* FruitModel.swift in Sources */ = {isa = PBXBuildFile; fileRef = 2412757927BBACA80030171B /* FruitModel.swift */; };
		2412757D27BBADAB0030171B /* FruitData.swift in Sources */ = {isa = PBXBuildFile; fileRef = 2412757C27BBADAB0030171B /* FruitData.swift */; };
		2412757F27BCE01B0030171B /* FruitRowView.swift in Sources */ = {isa = PBXBuildFile; fileRef = 2412757E27BCE01B0030171B /* FruitRowView.swift */; };
		2412758127BCE7100030171B /* FruitDetailView.swift in Sources */ = {isa = PBXBuildFile; fileRef = 2412758027BCE7100030171B /* FruitDetailView.swift */; };
		2412758327BCEE340030171B /* FruitHeaderView.swift in Sources */ = {isa = PBXBuildFile; fileRef = 2412758227BCEE340030171B /* FruitHeaderView.swift */; };
		2412758527BCF1890030171B /* SourceLinkView.swift in Sources */ = {isa = PBXBuildFile; fileRef = 2412758427BCF1890030171B /* SourceLinkView.swift */; };
		2412758727BCF4A40030171B /* FruitNutrientsView.swift in Sources */ = {isa = PBXBuildFile; fileRef = 2412758627BCF4A30030171B /* FruitNutrientsView.swift */; };
		246025EE27BB968300594BD3 /* FructusApp.swift in Sources */ = {isa = PBXBuildFile; fileRef = 246025ED27BB968300594BD3 /* FructusApp.swift */; };
		246025F027BB968300594BD3 /* ContentView.swift in Sources */ = {isa = PBXBuildFile; fileRef = 246025EF27BB968300594BD3 /* ContentView.swift */; };
		246025F227BB968900594BD3 /* Assets.xcassets in Resources */ = {isa = PBXBuildFile; fileRef = 246025F127BB968900594BD3 /* Assets.xcassets */; };
		246025F527BB968900594BD3 /* Preview Assets.xcassets in Resources */ = {isa = PBXBuildFile; fileRef = 246025F427BB968900594BD3 /* Preview Assets.xcassets */; };
/* End PBXBuildFile section */

/* Begin PBXFileReference section */
		2412757227BBA7510030171B /* FruitCardView.swift */ = {isa = PBXFileReference; fileEncoding = 4; lastKnownFileType = sourcecode.swift; path = FruitCardView.swift; sourceTree = "<group>"; };
		2412757427BBA76B0030171B /* StartButtonView.swift */ = {isa = PBXFileReference; fileEncoding = 4; lastKnownFileType = sourcecode.swift; path = StartButtonView.swift; sourceTree = "<group>"; };
		2412757627BBA9CF0030171B /* OnboardingView.swift */ = {isa = PBXFileReference; lastKnownFileType = sourcecode.swift; path = OnboardingView.swift; sourceTree = "<group>"; };
		2412757927BBACA80030171B /* FruitModel.swift */ = {isa = PBXFileReference; lastKnownFileType = sourcecode.swift; path = FruitModel.swift; sourceTree = "<group>"; };
		2412757C27BBADAB0030171B /* FruitData.swift */ = {isa = PBXFileReference; lastKnownFileType = sourcecode.swift; path = FruitData.swift; sourceTree = "<group>"; };
		2412757E27BCE01B0030171B /* FruitRowView.swift */ = {isa = PBXFileReference; lastKnownFileType = sourcecode.swift; path = FruitRowView.swift; sourceTree = "<group>"; };
		2412758027BCE7100030171B /* FruitDetailView.swift */ = {isa = PBXFileReference; lastKnownFileType = sourcecode.swift; path = FruitDetailView.swift; sourceTree = "<group>"; };
		2412758227BCEE340030171B /* FruitHeaderView.swift */ = {isa = PBXFileReference; lastKnownFileType = sourcecode.swift; path = FruitHeaderView.swift; sourceTree = "<group>"; };
		2412758427BCF1890030171B /* SourceLinkView.swift */ = {isa = PBXFileReference; lastKnownFileType = sourcecode.swift; path = SourceLinkView.swift; sourceTree = "<group>"; };
		2412758627BCF4A30030171B /* FruitNutrientsView.swift */ = {isa = PBXFileReference; lastKnownFileType = sourcecode.swift; path = FruitNutrientsView.swift; sourceTree = "<group>"; };
		246025EA27BB968300594BD3 /* Fructus.app */ = {isa = PBXFileReference; explicitFileType = wrapper.application; includeInIndex = 0; path = Fructus.app; sourceTree = BUILT_PRODUCTS_DIR; };
		246025ED27BB968300594BD3 /* FructusApp.swift */ = {isa = PBXFileReference; lastKnownFileType = sourcecode.swift; path = FructusApp.swift; sourceTree = "<group>"; };
		246025EF27BB968300594BD3 /* ContentView.swift */ = {isa = PBXFileReference; lastKnownFileType = sourcecode.swift; path = ContentView.swift; sourceTree = "<group>"; };
		246025F127BB968900594BD3 /* Assets.xcassets */ = {isa = PBXFileReference; lastKnownFileType = folder.assetcatalog; path = Assets.xcassets; sourceTree = "<group>"; };
		246025F427BB968900594BD3 /* Preview Assets.xcassets */ = {isa = PBXFileReference; lastKnownFileType = folder.assetcatalog; path = "Preview Assets.xcassets"; sourceTree = "<group>"; };
/* End PBXFileReference section */

/* Begin PBXFrameworksBuildPhase section */
		246025E727BB968300594BD3 /* Frameworks */ = {
			isa = PBXFrameworksBuildPhase;
			buildActionMask = 2147483647;
			files = (
			);
			runOnlyForDeploymentPostprocessing = 0;
		};
/* End PBXFrameworksBuildPhase section */

/* Begin PBXGroup section */
		2412757827BBAC840030171B /* Model */ = {
			isa = PBXGroup;
			children = (
				2412757927BBACA80030171B /* FruitModel.swift */,
			);
			path = Model;
			sourceTree = "<group>";
		};
		2412757B27BBAD860030171B /* Data */ = {
			isa = PBXGroup;
			children = (
				2412757C27BBADAB0030171B /* FruitData.swift */,
			);
			path = Data;
			sourceTree = "<group>";
		};
		246025E127BB968200594BD3 = {
			isa = PBXGroup;
			children = (
				246025EC27BB968300594BD3 /* Fructus */,
				246025EB27BB968300594BD3 /* Products */,
			);
			sourceTree = "<group>";
		};
		246025EB27BB968300594BD3 /* Products */ = {
			isa = PBXGroup;
			children = (
				246025EA27BB968300594BD3 /* Fructus.app */,
			);
			name = Products;
			sourceTree = "<group>";
		};
		246025EC27BB968300594BD3 /* Fructus */ = {
			isa = PBXGroup;
			children = (
				246025FB27BB9E4900594BD3 /* App */,
				2412757827BBAC840030171B /* Model */,
				246025FC27BB9E9A00594BD3 /* View */,
				2412757B27BBAD860030171B /* Data */,
				246025F327BB968900594BD3 /* Preview Content */,
				246025F127BB968900594BD3 /* Assets.xcassets */,
			);
			path = Fructus;
			sourceTree = "<group>";
		};
		246025F327BB968900594BD3 /* Preview Content */ = {
			isa = PBXGroup;
			children = (
				246025F427BB968900594BD3 /* Preview Assets.xcassets */,
			);
			path = "Preview Content";
			sourceTree = "<group>";
		};
		246025FB27BB9E4900594BD3 /* App */ = {
			isa = PBXGroup;
			children = (
				246025ED27BB968300594BD3 /* FructusApp.swift */,
			);
			path = App;
			sourceTree = "<group>";
		};
		246025FC27BB9E9A00594BD3 /* View */ = {
			isa = PBXGroup;
			children = (
				246025EF27BB968300594BD3 /* ContentView.swift */,
				2412757627BBA9CF0030171B /* OnboardingView.swift */,
				2412757E27BCE01B0030171B /* FruitRowView.swift */,
				2412757227BBA7510030171B /* FruitCardView.swift */,
				2412757427BBA76B0030171B /* StartButtonView.swift */,
				2412758027BCE7100030171B /* FruitDetailView.swift */,
				2412758227BCEE340030171B /* FruitHeaderView.swift */,
				2412758427BCF1890030171B /* SourceLinkView.swift */,
				2412758627BCF4A30030171B /* FruitNutrientsView.swift */,
			);
			path = View;
			sourceTree = "<group>";
		};
/* End PBXGroup section */

/* Begin PBXNativeTarget section */
		246025E927BB968300594BD3 /* Fructus */ = {
			isa = PBXNativeTarget;
			buildConfigurationList = 246025F827BB968900594BD3 /* Build configuration list for PBXNativeTarget "Fructus" */;
			buildPhases = (
				246025E627BB968300594BD3 /* Sources */,
				246025E727BB968300594BD3 /* Frameworks */,
				246025E827BB968300594BD3 /* Resources */,
			);
			buildRules = (
			);
			dependencies = (
			);
			name = Fructus;
			productName = Fructus;
			productReference = 246025EA27BB968300594BD3 /* Fructus.app */;
			productType = "com.apple.product-type.application";
		};
/* End PBXNativeTarget section */

/* Begin PBXProject section */
		246025E227BB968200594BD3 /* Project object */ = {
			isa = PBXProject;
			attributes = {
				BuildIndependentTargetsInParallel = 1;
				LastSwiftUpdateCheck = 1320;
				LastUpgradeCheck = 1320;
				TargetAttributes = {
					246025E927BB968300594BD3 = {
						CreatedOnToolsVersion = 13.2.1;
					};
				};
			};
			buildConfigurationList = 246025E527BB968200594BD3 /* Build configuration list for PBXProject "Fructus" */;
			compatibilityVersion = "Xcode 13.0";
			developmentRegion = en;
			hasScannedForEncodings = 0;
			knownRegions = (
				en,
				Base,
			);
			mainGroup = 246025E127BB968200594BD3;
			productRefGroup = 246025EB27BB968300594BD3 /* Products */;
			projectDirPath = "";
			projectRoot = "";
			targets = (
				246025E927BB968300594BD3 /* Fructus */,
			);
		};
/* End PBXProject section */

/* Begin PBXResourcesBuildPhase section */
		246025E827BB968300594BD3 /* Resources */ = {
			isa = PBXResourcesBuildPhase;
			buildActionMask = 2147483647;
			files = (
				246025F527BB968900594BD3 /* Preview Assets.xcassets in Resources */,
				246025F227BB968900594BD3 /* Assets.xcassets in Resources */,
			);
			runOnlyForDeploymentPostprocessing = 0;
		};
/* End PBXResourcesBuildPhase section */

/* Begin PBXSourcesBuildPhase section */
		246025E627BB968300594BD3 /* Sources */ = {
			isa = PBXSourcesBuildPhase;
			buildActionMask = 2147483647;
			files = (
				2412757D27BBADAB0030171B /* FruitData.swift in Sources */,
				2412758527BCF1890030171B /* SourceLinkView.swift in Sources */,
				2412757327BBA7510030171B /* FruitCardView.swift in Sources */,
				2412757F27BCE01B0030171B /* FruitRowView.swift in Sources */,
				2412758727BCF4A40030171B /* FruitNutrientsView.swift in Sources */,
				2412757527BBA76B0030171B /* StartButtonView.swift in Sources */,
				2412758127BCE7100030171B /* FruitDetailView.swift in Sources */,
				246025F027BB968300594BD3 /* ContentView.swift in Sources */,
				2412758327BCEE340030171B /* FruitHeaderView.swift in Sources */,
				2412757727BBA9CF0030171B /* OnboardingView.swift in Sources */,
				2412757A27BBACA90030171B /* FruitModel.swift in Sources */,
				246025EE27BB968300594BD3 /* FructusApp.swift in Sources */,
			);
			runOnlyForDeploymentPostprocessing = 0;
		};
/* End PBXSourcesBuildPhase section */

/* Begin XCBuildConfiguration section */
		246025F627BB968900594BD3 /* Debug */ = {
			isa = XCBuildConfiguration;
			buildSettings = {
				ALWAYS_SEARCH_USER_PATHS = NO;
				CLANG_ANALYZER_NONNULL = YES;
				CLANG_ANALYZER_NUMBER_OBJECT_CONVERSION = YES_AGGRESSIVE;
				CLANG_CXX_LANGUAGE_STANDARD = "gnu++17";
				CLANG_CXX_LIBRARY = "libc++";
				CLANG_ENABLE_MODULES = YES;
				CLANG_ENABLE_OBJC_ARC = YES;
				CLANG_ENABLE_OBJC_WEAK = YES;
				CLANG_WARN_BLOCK_CAPTURE_AUTORELEASING = YES;
				CLANG_WARN_BOOL_CONVERSION = YES;
				CLANG_WARN_COMMA = YES;
				CLANG_WARN_CONSTANT_CONVERSION = YES;
				CLANG_WARN_DEPRECATED_OBJC_IMPLEMENTATIONS = YES;
				CLANG_WARN_DIRECT_OBJC_ISA_USAGE = YES_ERROR;
				CLANG_WARN_DOCUMENTATION_COMMENTS = YES;
				CLANG_WARN_EMPTY_BODY = YES;
				CLANG_WARN_ENUM_CONVERSION = YES;
				CLANG_WARN_INFINITE_RECURSION = YES;
				CLANG_WARN_INT_CONVERSION = YES;
				CLANG_WARN_NON_LITERAL_NULL_CONVERSION = YES;
				CLANG_WARN_OBJC_IMPLICIT_RETAIN_SELF = YES;
				CLANG_WARN_OBJC_LITERAL_CONVERSION = YES;
				CLANG_WARN_OBJC_ROOT_CLASS = YES_ERROR;
				CLANG_WARN_QUOTED_INCLUDE_IN_FRAMEWORK_HEADER = YES;
				CLANG_WARN_RANGE_LOOP_ANALYSIS = YES;
				CLANG_WARN_STRICT_PROTOTYPES = YES;
				CLANG_WARN_SUSPICIOUS_MOVE = YES;
				CLANG_WARN_UNGUARDED_AVAILABILITY = YES_AGGRESSIVE;
				CLANG_WARN_UNREACHABLE_CODE = YES;
				CLANG_WARN__DUPLICATE_METHOD_MATCH = YES;
				COPY_PHASE_STRIP = NO;
				DEBUG_INFORMATION_FORMAT = dwarf;
				ENABLE_STRICT_OBJC_MSGSEND = YES;
				ENABLE_TESTABILITY = YES;
				GCC_C_LANGUAGE_STANDARD = gnu11;
				GCC_DYNAMIC_NO_PIC = NO;
				GCC_NO_COMMON_BLOCKS = YES;
				GCC_OPTIMIZATION_LEVEL = 0;
				GCC_PREPROCESSOR_DEFINITIONS = (
					"DEBUG=1",
					"$(inherited)",
				);
				GCC_WARN_64_TO_32_BIT_CONVERSION = YES;
				GCC_WARN_ABOUT_RETURN_TYPE = YES_ERROR;
				GCC_WARN_UNDECLARED_SELECTOR = YES;
				GCC_WARN_UNINITIALIZED_AUTOS = YES_AGGRESSIVE;
				GCC_WARN_UNUSED_FUNCTION = YES;
				GCC_WARN_UNUSED_VARIABLE = YES;
				IPHONEOS_DEPLOYMENT_TARGET = 15.2;
				MTL_ENABLE_DEBUG_INFO = INCLUDE_SOURCE;
				MTL_FAST_MATH = YES;
				ONLY_ACTIVE_ARCH = YES;
				SDKROOT = iphoneos;
				SWIFT_ACTIVE_COMPILATION_CONDITIONS = DEBUG;
				SWIFT_OPTIMIZATION_LEVEL = "-Onone";
			};
			name = Debug;
		};
		246025F727BB968900594BD3 /* Release */ = {
			isa = XCBuildConfiguration;
			buildSettings = {
				ALWAYS_SEARCH_USER_PATHS = NO;
				CLANG_ANALYZER_NONNULL = YES;
				CLANG_ANALYZER_NUMBER_OBJECT_CONVERSION = YES_AGGRESSIVE;
				CLANG_CXX_LANGUAGE_STANDARD = "gnu++17";
				CLANG_CXX_LIBRARY = "libc++";
				CLANG_ENABLE_MODULES = YES;
				CLANG_ENABLE_OBJC_ARC = YES;
				CLANG_ENABLE_OBJC_WEAK = YES;
				CLANG_WARN_BLOCK_CAPTURE_AUTORELEASING = YES;
				CLANG_WARN_BOOL_CONVERSION = YES;
				CLANG_WARN_COMMA = YES;
				CLANG_WARN_CONSTANT_CONVERSION = YES;
				CLANG_WARN_DEPRECATED_OBJC_IMPLEMENTATIONS = YES;
				CLANG_WARN_DIRECT_OBJC_ISA_USAGE = YES_ERROR;
				CLANG_WARN_DOCUMENTATION_COMMENTS = YES;
				CLANG_WARN_EMPTY_BODY = YES;
				CLANG_WARN_ENUM_CONVERSION = YES;
				CLANG_WARN_INFINITE_RECURSION = YES;
				CLANG_WARN_INT_CONVERSION = YES;
				CLANG_WARN_NON_LITERAL_NULL_CONVERSION = YES;
				CLANG_WARN_OBJC_IMPLICIT_RETAIN_SELF = YES;
				CLANG_WARN_OBJC_LITERAL_CONVERSION = YES;
				CLANG_WARN_OBJC_ROOT_CLASS = YES_ERROR;
				CLANG_WARN_QUOTED_INCLUDE_IN_FRAMEWORK_HEADER = YES;
				CLANG_WARN_RANGE_LOOP_ANALYSIS = YES;
				CLANG_WARN_STRICT_PROTOTYPES = YES;
				CLANG_WARN_SUSPICIOUS_MOVE = YES;
				CLANG_WARN_UNGUARDED_AVAILABILITY = YES_AGGRESSIVE;
				CLANG_WARN_UNREACHABLE_CODE = YES;
				CLANG_WARN__DUPLICATE_METHOD_MATCH = YES;
				COPY_PHASE_STRIP = NO;
				DEBUG_INFORMATION_FORMAT = "dwarf-with-dsym";
				ENABLE_NS_ASSERTIONS = NO;
				ENABLE_STRICT_OBJC_MSGSEND = YES;
				GCC_C_LANGUAGE_STANDARD = gnu11;
				GCC_NO_COMMON_BLOCKS = YES;
				GCC_WARN_64_TO_32_BIT_CONVERSION = YES;
				GCC_WARN_ABOUT_RETURN_TYPE = YES_ERROR;
				GCC_WARN_UNDECLARED_SELECTOR = YES;
				GCC_WARN_UNINITIALIZED_AUTOS = YES_AGGRESSIVE;
				GCC_WARN_UNUSED_FUNCTION = YES;
				GCC_WARN_UNUSED_VARIABLE = YES;
				IPHONEOS_DEPLOYMENT_TARGET = 15.2;
				MTL_ENABLE_DEBUG_INFO = NO;
				MTL_FAST_MATH = YES;
				SDKROOT = iphoneos;
				SWIFT_COMPILATION_MODE = wholemodule;
				SWIFT_OPTIMIZATION_LEVEL = "-O";
				VALIDATE_PRODUCT = YES;
			};
			name = Release;
		};
		246025F927BB968900594BD3 /* Debug */ = {
			isa = XCBuildConfiguration;
			buildSettings = {
				ASSETCATALOG_COMPILER_APPICON_NAME = AppIcon;
				ASSETCATALOG_COMPILER_GLOBAL_ACCENT_COLOR_NAME = AccentColor;
				CODE_SIGN_STYLE = Automatic;
				CURRENT_PROJECT_VERSION = 1;
				DEVELOPMENT_ASSET_PATHS = "\"Fructus/Preview Content\"";
				DEVELOPMENT_TEAM = PP55FS799T;
				ENABLE_PREVIEWS = YES;
				GENERATE_INFOPLIST_FILE = YES;
				INFOPLIST_KEY_UIApplicationSceneManifest_Generation = YES;
				INFOPLIST_KEY_UIApplicationSupportsIndirectInputEvents = YES;
				INFOPLIST_KEY_UILaunchScreen_Generation = YES;
				INFOPLIST_KEY_UISupportedInterfaceOrientations = UIInterfaceOrientationPortrait;
				INFOPLIST_KEY_UISupportedInterfaceOrientations_iPad = "UIInterfaceOrientationPortrait UIInterfaceOrientationPortraitUpsideDown UIInterfaceOrientationLandscapeLeft UIInterfaceOrientationLandscapeRight";
				INFOPLIST_KEY_UISupportedInterfaceOrientations_iPhone = UIInterfaceOrientationPortrait;
				LD_RUNPATH_SEARCH_PATHS = (
					"$(inherited)",
					"@executable_path/Frameworks",
				);
				MARKETING_VERSION = 1.0;
				PRODUCT_BUNDLE_IDENTIFIER = com.moralesmicaella.Fructus;
				PRODUCT_NAME = "$(TARGET_NAME)";
				SWIFT_EMIT_LOC_STRINGS = YES;
				SWIFT_VERSION = 5.0;
				TARGETED_DEVICE_FAMILY = "1,2";
			};
			name = Debug;
		};
		246025FA27BB968900594BD3 /* Release */ = {
			isa = XCBuildConfiguration;
			buildSettings = {
				ASSETCATALOG_COMPILER_APPICON_NAME = AppIcon;
				ASSETCATALOG_COMPILER_GLOBAL_ACCENT_COLOR_NAME = AccentColor;
				CODE_SIGN_STYLE = Automatic;
				CURRENT_PROJECT_VERSION = 1;
				DEVELOPMENT_ASSET_PATHS = "\"Fructus/Preview Content\"";
				DEVELOPMENT_TEAM = PP55FS799T;
				ENABLE_PREVIEWS = YES;
				GENERATE_INFOPLIST_FILE = YES;
				INFOPLIST_KEY_UIApplicationSceneManifest_Generation = YES;
				INFOPLIST_KEY_UIApplicationSupportsIndirectInputEvents = YES;
				INFOPLIST_KEY_UILaunchScreen_Generation = YES;
				INFOPLIST_KEY_UISupportedInterfaceOrientations = UIInterfaceOrientationPortrait;
				INFOPLIST_KEY_UISupportedInterfaceOrientations_iPad = "UIInterfaceOrientationPortrait UIInterfaceOrientationPortraitUpsideDown UIInterfaceOrientationLandscapeLeft UIInterfaceOrientationLandscapeRight";
				INFOPLIST_KEY_UISupportedInterfaceOrientations_iPhone = UIInterfaceOrientationPortrait;
				LD_RUNPATH_SEARCH_PATHS = (
					"$(inherited)",
					"@executable_path/Frameworks",
				);
				MARKETING_VERSION = 1.0;
				PRODUCT_BUNDLE_IDENTIFIER = com.moralesmicaella.Fructus;
				PRODUCT_NAME = "$(TARGET_NAME)";
				SWIFT_EMIT_LOC_STRINGS = YES;
				SWIFT_VERSION = 5.0;
				TARGETED_DEVICE_FAMILY = "1,2";
			};
			name = Release;
		};
/* End XCBuildConfiguration section */

/* Begin XCConfigurationList section */
		246025E527BB968200594BD3 /* Build configuration list for PBXProject "Fructus" */ = {
			isa = XCConfigurationList;
			buildConfigurations = (
				246025F627BB968900594BD3 /* Debug */,
				246025F727BB968900594BD3 /* Release */,
			);
			defaultConfigurationIsVisible = 0;
			defaultConfigurationName = Release;
		};
		246025F827BB968900594BD3 /* Build configuration list for PBXNativeTarget "Fructus" */ = {
			isa = XCConfigurationList;
			buildConfigurations = (
				246025F927BB968900594BD3 /* Debug */,
				246025FA27BB968900594BD3 /* Release */,
			);
			defaultConfigurationIsVisible = 0;
			defaultConfigurationName = Release;
		};
/* End XCConfigurationList section */
	};
	rootObject = 246025E227BB968200594BD3 /* Project object */;
}
